{
  "name": "88823665-camp-66",
  "lockfileVersion": 3,
  "requires": true,
  "packages": {
    "": {
      "dependencies": {
        "laraval": "^1.0.0"
      }
    },
    "node_modules/laraval": {
      "version": "1.0.0",
      "resolved": "https://registry.npmjs.org/laraval/-/laraval-1.0.0.tgz",
      "integrity": "sha512-o5qYM1LQoqVLEruHdk6qr4ksoNjSQ8V5F5Ysb3UviVDSL7hPpZdyWCO9N/8HfrTG1EtU6hGul7YOQu3Hsd+5aQ=="
    }
  }
}
